PODS:
  - ios-ffmpeg-libs (0.0.5)
  - NabtoClient (4.3.0)

DEPENDENCIES:
  - ios-ffmpeg-libs
  - NabtoClient (= 4.3.0)

SPEC REPOS:
  https://github.com/cocoapods/specs.git:
    - ios-ffmpeg-libs
    - NabtoClient

SPEC CHECKSUMS:
  ios-ffmpeg-libs: fada7c0b6077ae9826249d64134cbba515c41341
  NabtoClient: 8eda285d8b8301ea61a1e05e205192e3b5b071f8

PODFILE CHECKSUM: c8a17b97e864eff34e8e348dd9fc065539beac50

COCOAPODS: 1.5.3
