PODS:
  - ios-ffmpeg-libs (0.0.5)
  - NabtoClient (5.1.2)

DEPENDENCIES:
  - ios-ffmpeg-libs
  - NabtoClient (= 5.1.2)

SPEC REPOS:
  https://github.com/CocoaPods/Specs.git:
    - ios-ffmpeg-libs
    - NabtoClient

SPEC CHECKSUMS:
  ios-ffmpeg-libs: fada7c0b6077ae9826249d64134cbba515c41341
  NabtoClient: e0ecea56779cd77154f638139e97edabfefe627a

PODFILE CHECKSUM: 1c9c45362ddad0e6880efa9add67d1c9f4bd36f8

COCOAPODS: 1.9.0.beta.3
